
Microsoft Visual Studio Solution File, Format Version 12.00
# Visual Studio 2013
Project("{FAE04EC0-301F-11D3-BF4B-00C04F79EFBC}") = "UnityVS.AriaEditor.CSharp", "UnityVS.AriaEditor.CSharp.csproj", "{707687AB-AE0B-ADB8-D9C2-10EEA607ABD2}"
EndProject
Project("{FAE04EC0-301F-11D3-BF4B-00C04F79EFBC}") = "UnityVS.AriaEditor.CSharp.Editor", "UnityVS.AriaEditor.CSharp.Editor.csproj", "{D19EDE1C-08EB-F93D-F68F-F1ED9CDE2A2A}"
EndProject
Global
	GlobalSection(SolutionConfigurationPlatforms) = preSolution
		Debug|Any CPU = Debug|Any CPU
		Release|Any CPU = Release|Any CPU
	EndGlobalSection
	GlobalSection(ProjectConfigurationPlatforms) = postSolution
		{707687AB-AE0B-ADB8-D9C2-10EEA607ABD2}.Debug|Any CPU.ActiveCfg = Debug|Any CPU
		{707687AB-AE0B-ADB8-D9C2-10EEA607ABD2}.Debug|Any CPU.Build.0 = Debug|Any CPU
		{707687AB-AE0B-ADB8-D9C2-10EEA607ABD2}.Release|Any CPU.ActiveCfg = Release|Any CPU
		{707687AB-AE0B-ADB8-D9C2-10EEA607ABD2}.Release|Any CPU.Build.0 = Release|Any CPU
		{D19EDE1C-08EB-F93D-F68F-F1ED9CDE2A2A}.Debug|Any CPU.ActiveCfg = Debug|Any CPU
		{D19EDE1C-08EB-F93D-F68F-F1ED9CDE2A2A}.Debug|Any CPU.Build.0 = Debug|Any CPU
		{D19EDE1C-08EB-F93D-F68F-F1ED9CDE2A2A}.Release|Any CPU.ActiveCfg = Release|Any CPU
		{D19EDE1C-08EB-F93D-F68F-F1ED9CDE2A2A}.Release|Any CPU.Build.0 = Release|Any CPU
	EndGlobalSection
	GlobalSection(SolutionProperties) = preSolution
		HideSolutionNode = FALSE
	EndGlobalSection
EndGlobal
